
Microsoft Visual Studio Solution File, Format Version 12.00
# Visual Studio 15
VisualStudioVersion = 15.0.26403.7
MinimumVisualStudioVersion = 10.0.40219.1
Project("{FAE04EC0-301F-11D3-BF4B-00C04F79EFBC}") = "QuanLyBanHang", "QuanLyBanHang\QuanLyBanHang.csproj", "{D529E255-8A97-4122-8DFD-0C0DFB5DC488}"
EndProject
Project("{FAE04EC0-301F-11D3-BF4B-00C04F79EFBC}") = "ketnoicsdl", "ketnoicsdl\ketnoicsdl.csproj", "{6937517F-0D49-4A83-BA6A-0F4684D09E66}"
EndProject
Global
	GlobalSection(SolutionConfigurationPlatforms) = preSolution
		Debug|Any CPU = Debug|Any CPU
		Release|Any CPU = Release|Any CPU
	EndGlobalSection
	GlobalSection(ProjectConfigurationPlatforms) = postSolution
		{D529E255-8A97-4122-8DFD-0C0DFB5DC488}.Debug|Any CPU.ActiveCfg = Debug|Any CPU
		{D529E255-8A97-4122-8DFD-0C0DFB5DC488}.Debug|Any CPU.Build.0 = Debug|Any CPU
		{D529E255-8A97-4122-8DFD-0C0DFB5DC488}.Release|Any CPU.ActiveCfg = Release|Any CPU
		{D529E255-8A97-4122-8DFD-0C0DFB5DC488}.Release|Any CPU.Build.0 = Release|Any CPU
		{6937517F-0D49-4A83-BA6A-0F4684D09E66}.Debug|Any CPU.ActiveCfg = Debug|Any CPU
		{6937517F-0D49-4A83-BA6A-0F4684D09E66}.Debug|Any CPU.Build.0 = Debug|Any CPU
		{6937517F-0D49-4A83-BA6A-0F4684D09E66}.Release|Any CPU.ActiveCfg = Release|Any CPU
		{6937517F-0D49-4A83-BA6A-0F4684D09E66}.Release|Any CPU.Build.0 = Release|Any CPU
	EndGlobalSection
	GlobalSection(SolutionProperties) = preSolution
		HideSolutionNode = FALSE
	EndGlobalSection
EndGlobal
